
Microsoft Visual Studio Solution File, Format Version 12.00
# Visual Studio Version 16
VisualStudioVersion = 16.0.30907.101
MinimumVisualStudioVersion = 10.0.40219.1
Project("{FAE04EC0-301F-11D3-BF4B-00C04F79EFBC}") = "MVCApp", "MVCApp.csproj", "{6E8049B3-2E70-418D-B437-056028628ABE}"
EndProject
Project("{FAE04EC0-301F-11D3-BF4B-00C04F79EFBC}") = "MVCApp.Tests", "..\MVCApp.Tests\MVCApp.Tests.csproj", "{3C499425-38F3-40C8-AB21-08553C2AA745}"
EndProject
Global
	GlobalSection(SolutionConfigurationPlatforms) = preSolution
		Debug|Any CPU = Debug|Any CPU
		Release|Any CPU = Release|Any CPU
	EndGlobalSection
	GlobalSection(ProjectConfigurationPlatforms) = postSolution
		{6E8049B3-2E70-418D-B437-056028628ABE}.Debug|Any CPU.ActiveCfg = Debug|Any CPU
		{6E8049B3-2E70-418D-B437-056028628ABE}.Debug|Any CPU.Build.0 = Debug|Any CPU
		{6E8049B3-2E70-418D-B437-056028628ABE}.Release|Any CPU.ActiveCfg = Release|Any CPU
		{6E8049B3-2E70-418D-B437-056028628ABE}.Release|Any CPU.Build.0 = Release|Any CPU
		{3C499425-38F3-40C8-AB21-08553C2AA745}.Debug|Any CPU.ActiveCfg = Debug|Any CPU
		{3C499425-38F3-40C8-AB21-08553C2AA745}.Debug|Any CPU.Build.0 = Debug|Any CPU
		{3C499425-38F3-40C8-AB21-08553C2AA745}.Release|Any CPU.ActiveCfg = Release|Any CPU
		{3C499425-38F3-40C8-AB21-08553C2AA745}.Release|Any CPU.Build.0 = Release|Any CPU
	EndGlobalSection
	GlobalSection(SolutionProperties) = preSolution
		HideSolutionNode = FALSE
	EndGlobalSection
	GlobalSection(ExtensibilityGlobals) = postSolution
		SolutionGuid = {12A34C01-AD8C-41F5-BB32-3519CA4B4F73}
	EndGlobalSection
EndGlobal
